
Microsoft Visual Studio Solution File, Format Version 12.00
Project("{FAE04EC0-301F-11D3-BF4B-00C04F79EFBC}") = "Weasel.Postgresql", "src\Weasel.Postgresql\Weasel.Postgresql.csproj", "{D3DFCB74-4B67-4207-8D42-0EC2A676C1B5}"
EndProject
Project("{FAE04EC0-301F-11D3-BF4B-00C04F79EFBC}") = "Weasel.Postgresql.Tests", "src\Weasel.Postgresql.Tests\Weasel.Postgresql.Tests.csproj", "{5DF7B7F1-D86C-4A07-87EE-EC7009F91562}"
EndProject
Project("{FAE04EC0-301F-11D3-BF4B-00C04F79EFBC}") = "Weasel.Core", "src\Weasel.Core\Weasel.Core.csproj", "{0A6581EE-A1BA-4108-9E6A-99F92A4430C9}"
EndProject
Project("{2150E333-8FDC-42A3-9474-1A3956D46DE8}") = "Docs", "Docs", "{F8CA44AE-0EAD-4129-A5F1-401CE841D3BC}"
ProjectSection(SolutionItems) = preProject
	README.md = README.md
EndProjectSection
EndProject
Project("{FAE04EC0-301F-11D3-BF4B-00C04F79EFBC}") = "Weasel.SqlServer", "src\Weasel.SqlServer\Weasel.SqlServer.csproj", "{FBE36127-095E-41EA-8865-8FFC285E8324}"
EndProject
Project("{FAE04EC0-301F-11D3-BF4B-00C04F79EFBC}") = "Weasel.SqlServer.Tests", "src\Weasel.SqlServer.Tests\Weasel.SqlServer.Tests.csproj", "{83543E16-F88F-4F97-835A-B74DAAFC728E}"
EndProject
Project("{FAE04EC0-301F-11D3-BF4B-00C04F79EFBC}") = "Weasel.Core.Tests", "src\Weasel.Core.Tests\Weasel.Core.Tests.csproj", "{2B508523-234F-4431-A9E2-15ED8275254D}"
EndProject
Project("{2150E333-8FDC-42A3-9474-1A3956D46DE8}") = "CI", "CI", "{4E257542-CA6B-4B84-BA33-78A3AF2D6922}"
	ProjectSection(SolutionItems) = preProject
		.github\workflows\ci-build-mssql.yml = .github\workflows\ci-build-mssql.yml
		.github\workflows\publish_nuget.yml = .github\workflows\publish_nuget.yml
		.github\workflows\ci-build-postgres.yml = .github\workflows\ci-build-postgres.yml
	EndProjectSection
EndProject
Project("{2150E333-8FDC-42A3-9474-1A3956D46DE8}") = "Build", "Build", "{28703D10-2FA5-4526-8B0A-4FD7EABD6375}"
	ProjectSection(SolutionItems) = preProject
		Analysis.Build.props = Analysis.Build.props
		Directory.Build.props = Directory.Build.props
		docker-compose.yml = docker-compose.yml
		.editorconfig = .editorconfig
		.github\workflows\ci-build-mssql.yml = .github\workflows\ci-build-mssql.yml
		.github\workflows\ci-build-postgres.yml = .github\workflows\ci-build-postgres.yml
		.github\workflows\publish_nuget.yml = .github\workflows\publish_nuget.yml
	EndProjectSection
EndProject
Project("{2150E333-8FDC-42A3-9474-1A3956D46DE8}") = "CommandLine", "CommandLine", "{341239AE-ABB0-4728-9C05-875E7053CAB6}"
EndProject
Project("{FAE04EC0-301F-11D3-BF4B-00C04F79EFBC}") = "Weasel.CommandLine.Tests", "src\Weasel.CommandLine.Tests\Weasel.CommandLine.Tests.csproj", "{450F4607-AD19-440B-B146-5C131B304A99}"
EndProject
Project("{FAE04EC0-301F-11D3-BF4B-00C04F79EFBC}") = "CommandLineTarget", "src\CommandLineTarget\CommandLineTarget.csproj", "{7EE8D0C3-C05B-4C62-9C6C-005F39C54598}"
EndProject
Project("{FAE04EC0-301F-11D3-BF4B-00C04F79EFBC}") = "JasperFx", "..\jasperfx\src\JasperFx\JasperFx.csproj", "{B9D6126E-AF5D-41EA-914C-5E2A5378DBF4}"
EndProject
Project("{FAE04EC0-301F-11D3-BF4B-00C04F79EFBC}") = "CommandLineTests", "..\jasperfx\src\CommandLineTests\CommandLineTests.csproj", "{FAB431C1-4F67-4EAA-9D05-D056D5F564A2}"
EndProject
Global
	GlobalSection(SolutionConfigurationPlatforms) = preSolution
		Debug|Any CPU = Debug|Any CPU
		Release|Any CPU = Release|Any CPU
	EndGlobalSection
	GlobalSection(ProjectConfigurationPlatforms) = postSolution
		{D3DFCB74-4B67-4207-8D42-0EC2A676C1B5}.Debug|Any CPU.ActiveCfg = Debug|Any CPU
		{D3DFCB74-4B67-4207-8D42-0EC2A676C1B5}.Debug|Any CPU.Build.0 = Debug|Any CPU
		{D3DFCB74-4B67-4207-8D42-0EC2A676C1B5}.Release|Any CPU.ActiveCfg = Release|Any CPU
		{D3DFCB74-4B67-4207-8D42-0EC2A676C1B5}.Release|Any CPU.Build.0 = Release|Any CPU
		{5DF7B7F1-D86C-4A07-87EE-EC7009F91562}.Debug|Any CPU.ActiveCfg = Debug|Any CPU
		{5DF7B7F1-D86C-4A07-87EE-EC7009F91562}.Debug|Any CPU.Build.0 = Debug|Any CPU
		{5DF7B7F1-D86C-4A07-87EE-EC7009F91562}.Release|Any CPU.ActiveCfg = Release|Any CPU
		{5DF7B7F1-D86C-4A07-87EE-EC7009F91562}.Release|Any CPU.Build.0 = Release|Any CPU
		{0A6581EE-A1BA-4108-9E6A-99F92A4430C9}.Debug|Any CPU.ActiveCfg = Debug|Any CPU
		{0A6581EE-A1BA-4108-9E6A-99F92A4430C9}.Debug|Any CPU.Build.0 = Debug|Any CPU
		{0A6581EE-A1BA-4108-9E6A-99F92A4430C9}.Release|Any CPU.ActiveCfg = Release|Any CPU
		{0A6581EE-A1BA-4108-9E6A-99F92A4430C9}.Release|Any CPU.Build.0 = Release|Any CPU
		{FBE36127-095E-41EA-8865-8FFC285E8324}.Debug|Any CPU.ActiveCfg = Debug|Any CPU
		{FBE36127-095E-41EA-8865-8FFC285E8324}.Debug|Any CPU.Build.0 = Debug|Any CPU
		{FBE36127-095E-41EA-8865-8FFC285E8324}.Release|Any CPU.ActiveCfg = Release|Any CPU
		{FBE36127-095E-41EA-8865-8FFC285E8324}.Release|Any CPU.Build.0 = Release|Any CPU
		{83543E16-F88F-4F97-835A-B74DAAFC728E}.Debug|Any CPU.ActiveCfg = Debug|Any CPU
		{83543E16-F88F-4F97-835A-B74DAAFC728E}.Debug|Any CPU.Build.0 = Debug|Any CPU
		{83543E16-F88F-4F97-835A-B74DAAFC728E}.Release|Any CPU.ActiveCfg = Release|Any CPU
		{83543E16-F88F-4F97-835A-B74DAAFC728E}.Release|Any CPU.Build.0 = Release|Any CPU
		{2B508523-234F-4431-A9E2-15ED8275254D}.Debug|Any CPU.ActiveCfg = Debug|Any CPU
		{2B508523-234F-4431-A9E2-15ED8275254D}.Debug|Any CPU.Build.0 = Debug|Any CPU
		{2B508523-234F-4431-A9E2-15ED8275254D}.Release|Any CPU.ActiveCfg = Release|Any CPU
		{2B508523-234F-4431-A9E2-15ED8275254D}.Release|Any CPU.Build.0 = Release|Any CPU
		{450F4607-AD19-440B-B146-5C131B304A99}.Debug|Any CPU.ActiveCfg = Debug|Any CPU
		{450F4607-AD19-440B-B146-5C131B304A99}.Debug|Any CPU.Build.0 = Debug|Any CPU
		{450F4607-AD19-440B-B146-5C131B304A99}.Release|Any CPU.ActiveCfg = Release|Any CPU
		{450F4607-AD19-440B-B146-5C131B304A99}.Release|Any CPU.Build.0 = Release|Any CPU
		{7EE8D0C3-C05B-4C62-9C6C-005F39C54598}.Debug|Any CPU.ActiveCfg = Debug|Any CPU
		{7EE8D0C3-C05B-4C62-9C6C-005F39C54598}.Debug|Any CPU.Build.0 = Debug|Any CPU
		{7EE8D0C3-C05B-4C62-9C6C-005F39C54598}.Release|Any CPU.ActiveCfg = Release|Any CPU
		{7EE8D0C3-C05B-4C62-9C6C-005F39C54598}.Release|Any CPU.Build.0 = Release|Any CPU
		{B9D6126E-AF5D-41EA-914C-5E2A5378DBF4}.Debug|Any CPU.ActiveCfg = Debug|Any CPU
		{B9D6126E-AF5D-41EA-914C-5E2A5378DBF4}.Debug|Any CPU.Build.0 = Debug|Any CPU
		{B9D6126E-AF5D-41EA-914C-5E2A5378DBF4}.Release|Any CPU.ActiveCfg = Release|Any CPU
		{B9D6126E-AF5D-41EA-914C-5E2A5378DBF4}.Release|Any CPU.Build.0 = Release|Any CPU
		{FAB431C1-4F67-4EAA-9D05-D056D5F564A2}.Debug|Any CPU.ActiveCfg = Debug|Any CPU
		{FAB431C1-4F67-4EAA-9D05-D056D5F564A2}.Debug|Any CPU.Build.0 = Debug|Any CPU
		{FAB431C1-4F67-4EAA-9D05-D056D5F564A2}.Release|Any CPU.ActiveCfg = Release|Any CPU
		{FAB431C1-4F67-4EAA-9D05-D056D5F564A2}.Release|Any CPU.Build.0 = Release|Any CPU
	EndGlobalSection
	GlobalSection(NestedProjects) = preSolution
		{450F4607-AD19-440B-B146-5C131B304A99} = {341239AE-ABB0-4728-9C05-875E7053CAB6}
		{7EE8D0C3-C05B-4C62-9C6C-005F39C54598} = {341239AE-ABB0-4728-9C05-875E7053CAB6}
	EndGlobalSection
EndGlobal
