
Microsoft Visual Studio Solution File, Format Version 12.00
Project("{FAE04EC0-301F-11D3-BF4B-00C04F79EFBC}") = "Weasel.Postgresql", "src\Weasel.Postgresql\Weasel.Postgresql.csproj", "{D3DFCB74-4B67-4207-8D42-0EC2A676C1B5}"
EndProject
Project("{FAE04EC0-301F-11D3-BF4B-00C04F79EFBC}") = "Weasel.Postgresql.Tests", "src\Weasel.Postgresql.Tests\Weasel.Postgresql.Tests.csproj", "{5DF7B7F1-D86C-4A07-87EE-EC7009F91562}"
EndProject
Project("{FAE04EC0-301F-11D3-BF4B-00C04F79EFBC}") = "Weasel.Core", "src\Weasel.Core\Weasel.Core.csproj", "{0A6581EE-A1BA-4108-9E6A-99F92A4430C9}"
EndProject
Project("{2150E333-8FDC-42A3-9474-1A3956D46DE8}") = "Docs", "Docs", "{F8CA44AE-0EAD-4129-A5F1-401CE841D3BC}"
	ProjectSection(SolutionItems) = preProject
		README.md = README.md
		CLAUDE.md = CLAUDE.md
	EndProjectSection
EndProject
Project("{FAE04EC0-301F-11D3-BF4B-00C04F79EFBC}") = "Weasel.SqlServer", "src\Weasel.SqlServer\Weasel.SqlServer.csproj", "{FBE36127-095E-41EA-8865-8FFC285E8324}"
EndProject
Project("{FAE04EC0-301F-11D3-BF4B-00C04F79EFBC}") = "Weasel.SqlServer.Tests", "src\Weasel.SqlServer.Tests\Weasel.SqlServer.Tests.csproj", "{83543E16-F88F-4F97-835A-B74DAAFC728E}"
EndProject
Project("{FAE04EC0-301F-11D3-BF4B-00C04F79EFBC}") = "Weasel.Core.Tests", "src\Weasel.Core.Tests\Weasel.Core.Tests.csproj", "{2B508523-234F-4431-A9E2-15ED8275254D}"
EndProject
Project("{2150E333-8FDC-42A3-9474-1A3956D46DE8}") = "CI", "CI", "{4E257542-CA6B-4B84-BA33-78A3AF2D6922}"
	ProjectSection(SolutionItems) = preProject
		.github\workflows\ci-build-mssql.yml = .github\workflows\ci-build-mssql.yml
		.github\workflows\publish_nuget.yml = .github\workflows\publish_nuget.yml
		.github\workflows\ci-build-postgres.yml = .github\workflows\ci-build-postgres.yml
	EndProjectSection
EndProject
Project("{2150E333-8FDC-42A3-9474-1A3956D46DE8}") = "Build", "Build", "{28703D10-2FA5-4526-8B0A-4FD7EABD6375}"
	ProjectSection(SolutionItems) = preProject
		Analysis.Build.props = Analysis.Build.props
		Directory.Build.props = Directory.Build.props
		docker-compose.yml = docker-compose.yml
		.editorconfig = .editorconfig
		.github\workflows\ci-build-mssql.yml = .github\workflows\ci-build-mssql.yml
		.github\workflows\ci-build-postgres.yml = .github\workflows\ci-build-postgres.yml
		.github\workflows\publish_nuget.yml = .github\workflows\publish_nuget.yml
		README.md = README.md
		.github\workflows\ci-build-oracle.yml = .github\workflows\ci-build-oracle.yml
		.github\workflows\ci-build-mysql.yml = .github\workflows\ci-build-mysql.yml
	EndProjectSection
EndProject
Project("{2150E333-8FDC-42A3-9474-1A3956D46DE8}") = "CommandLine", "CommandLine", "{341239AE-ABB0-4728-9C05-875E7053CAB6}"
EndProject
Project("{FAE04EC0-301F-11D3-BF4B-00C04F79EFBC}") = "Weasel.CommandLine.Tests", "src\Weasel.CommandLine.Tests\Weasel.CommandLine.Tests.csproj", "{450F4607-AD19-440B-B146-5C131B304A99}"
EndProject
Project("{FAE04EC0-301F-11D3-BF4B-00C04F79EFBC}") = "CommandLineTarget", "src\CommandLineTarget\CommandLineTarget.csproj", "{7EE8D0C3-C05B-4C62-9C6C-005F39C54598}"
EndProject
Project("{2150E333-8FDC-42A3-9474-1A3956D46DE8}") = "EntityFrameworkCore", "EntityFrameworkCore", "{827E0CD3-B72D-47B6-A68D-7590B98EB39B}"
EndProject
Project("{FAE04EC0-301F-11D3-BF4B-00C04F79EFBC}") = "Weasel.EntityFrameworkCore", "src\Weasel.EntityFrameworkCore\Weasel.EntityFrameworkCore.csproj", "{B0FF8AF9-AAAE-428A-8A80-B2A4DA11208D}"
EndProject
Project("{FAE04EC0-301F-11D3-BF4B-00C04F79EFBC}") = "Weasel.EntityFrameworkCore.Tests", "src\Weasel.EntityFrameworkCore.Tests\Weasel.EntityFrameworkCore.Tests.csproj", "{14EFAD8A-0164-4EB8-A32F-757845DCEE91}"
EndProject
Project("{FAE04EC0-301F-11D3-BF4B-00C04F79EFBC}") = "Weasel.MySql", "src\Weasel.MySql\Weasel.MySql.csproj", "{7D2E47B4-BDDC-40A2-A1C8-4CB5DB272C79}"
EndProject
Project("{FAE04EC0-301F-11D3-BF4B-00C04F79EFBC}") = "Weasel.MySql.Tests", "src\Weasel.MySql.Tests\Weasel.MySql.Tests.csproj", "{91200521-5465-45C1-99C6-B82B16989B34}"
EndProject
Project("{FAE04EC0-301F-11D3-BF4B-00C04F79EFBC}") = "Weasel.Oracle", "src\Weasel.Oracle\Weasel.Oracle.csproj", "{CCAB6904-E23B-4928-B478-A0D7BB983B01}"
EndProject
Project("{FAE04EC0-301F-11D3-BF4B-00C04F79EFBC}") = "Weasel.Oracle.Tests", "src\Weasel.Oracle.Tests\Weasel.Oracle.Tests.csproj", "{A1DD670C-5795-4E03-8200-395EDF155570}"
EndProject
Project("{2150E333-8FDC-42A3-9474-1A3956D46DE8}") = "Oracle", "Oracle", "{12DD581E-C6D4-4469-B2FD-B5BFB4F7446E}"
EndProject
Project("{2150E333-8FDC-42A3-9474-1A3956D46DE8}") = "MySQL", "MySQL", "{A3F27450-83A2-4590-AED6-9EC4D3E30D3B}"
EndProject
Project("{2150E333-8FDC-42A3-9474-1A3956D46DE8}") = "PostgreSQL", "PostgreSQL", "{880B5528-B419-45AA-B3B1-9BD3446E8E2B}"
EndProject
Project("{2150E333-8FDC-42A3-9474-1A3956D46DE8}") = "SqlServer", "SqlServer", "{FA7DE42C-8144-41B3-ADDF-1A1FFB55D6C4}"
EndProject
Project("{FAE04EC0-301F-11D3-BF4B-00C04F79EFBC}") = "Weasel.Sqlite", "src\Weasel.Sqlite\Weasel.Sqlite.csproj", "{944F4FF4-8FAC-4C07-97CF-098858ED9DDE}"
EndProject
Project("{FAE04EC0-301F-11D3-BF4B-00C04F79EFBC}") = "Weasel.Sqlite.Tests", "src\Weasel.Sqlite.Tests\Weasel.Sqlite.Tests.csproj", "{791664AB-C8BB-4AA5-A694-235B51D045E7}"
EndProject
Project("{2150E333-8FDC-42A3-9474-1A3956D46DE8}") = "Sqlite", "Sqlite", "{B1FFD5AA-B7DC-41CC-9B52-9D072F9ACF8C}"
EndProject
Global
	GlobalSection(SolutionConfigurationPlatforms) = preSolution
		Debug|Any CPU = Debug|Any CPU
		Debug|x64 = Debug|x64
		Debug|x86 = Debug|x86
		Release|Any CPU = Release|Any CPU
		Release|x64 = Release|x64
		Release|x86 = Release|x86
	EndGlobalSection
	GlobalSection(ProjectConfigurationPlatforms) = postSolution
		{D3DFCB74-4B67-4207-8D42-0EC2A676C1B5}.Debug|Any CPU.ActiveCfg = Debug|Any CPU
		{D3DFCB74-4B67-4207-8D42-0EC2A676C1B5}.Debug|Any CPU.Build.0 = Debug|Any CPU
		{D3DFCB74-4B67-4207-8D42-0EC2A676C1B5}.Debug|x64.ActiveCfg = Debug|Any CPU
		{D3DFCB74-4B67-4207-8D42-0EC2A676C1B5}.Debug|x64.Build.0 = Debug|Any CPU
		{D3DFCB74-4B67-4207-8D42-0EC2A676C1B5}.Debug|x86.ActiveCfg = Debug|Any CPU
		{D3DFCB74-4B67-4207-8D42-0EC2A676C1B5}.Debug|x86.Build.0 = Debug|Any CPU
		{D3DFCB74-4B67-4207-8D42-0EC2A676C1B5}.Release|Any CPU.ActiveCfg = Release|Any CPU
		{D3DFCB74-4B67-4207-8D42-0EC2A676C1B5}.Release|Any CPU.Build.0 = Release|Any CPU
		{D3DFCB74-4B67-4207-8D42-0EC2A676C1B5}.Release|x64.ActiveCfg = Release|Any CPU
		{D3DFCB74-4B67-4207-8D42-0EC2A676C1B5}.Release|x64.Build.0 = Release|Any CPU
		{D3DFCB74-4B67-4207-8D42-0EC2A676C1B5}.Release|x86.ActiveCfg = Release|Any CPU
		{D3DFCB74-4B67-4207-8D42-0EC2A676C1B5}.Release|x86.Build.0 = Release|Any CPU
		{5DF7B7F1-D86C-4A07-87EE-EC7009F91562}.Debug|Any CPU.ActiveCfg = Debug|Any CPU
		{5DF7B7F1-D86C-4A07-87EE-EC7009F91562}.Debug|Any CPU.Build.0 = Debug|Any CPU
		{5DF7B7F1-D86C-4A07-87EE-EC7009F91562}.Debug|x64.ActiveCfg = Debug|Any CPU
		{5DF7B7F1-D86C-4A07-87EE-EC7009F91562}.Debug|x64.Build.0 = Debug|Any CPU
		{5DF7B7F1-D86C-4A07-87EE-EC7009F91562}.Debug|x86.ActiveCfg = Debug|Any CPU
		{5DF7B7F1-D86C-4A07-87EE-EC7009F91562}.Debug|x86.Build.0 = Debug|Any CPU
		{5DF7B7F1-D86C-4A07-87EE-EC7009F91562}.Release|Any CPU.ActiveCfg = Release|Any CPU
		{5DF7B7F1-D86C-4A07-87EE-EC7009F91562}.Release|Any CPU.Build.0 = Release|Any CPU
		{5DF7B7F1-D86C-4A07-87EE-EC7009F91562}.Release|x64.ActiveCfg = Release|Any CPU
		{5DF7B7F1-D86C-4A07-87EE-EC7009F91562}.Release|x64.Build.0 = Release|Any CPU
		{5DF7B7F1-D86C-4A07-87EE-EC7009F91562}.Release|x86.ActiveCfg = Release|Any CPU
		{5DF7B7F1-D86C-4A07-87EE-EC7009F91562}.Release|x86.Build.0 = Release|Any CPU
		{0A6581EE-A1BA-4108-9E6A-99F92A4430C9}.Debug|Any CPU.ActiveCfg = Debug|Any CPU
		{0A6581EE-A1BA-4108-9E6A-99F92A4430C9}.Debug|Any CPU.Build.0 = Debug|Any CPU
		{0A6581EE-A1BA-4108-9E6A-99F92A4430C9}.Debug|x64.ActiveCfg = Debug|Any CPU
		{0A6581EE-A1BA-4108-9E6A-99F92A4430C9}.Debug|x64.Build.0 = Debug|Any CPU
		{0A6581EE-A1BA-4108-9E6A-99F92A4430C9}.Debug|x86.ActiveCfg = Debug|Any CPU
		{0A6581EE-A1BA-4108-9E6A-99F92A4430C9}.Debug|x86.Build.0 = Debug|Any CPU
		{0A6581EE-A1BA-4108-9E6A-99F92A4430C9}.Release|Any CPU.ActiveCfg = Release|Any CPU
		{0A6581EE-A1BA-4108-9E6A-99F92A4430C9}.Release|Any CPU.Build.0 = Release|Any CPU
		{0A6581EE-A1BA-4108-9E6A-99F92A4430C9}.Release|x64.ActiveCfg = Release|Any CPU
		{0A6581EE-A1BA-4108-9E6A-99F92A4430C9}.Release|x64.Build.0 = Release|Any CPU
		{0A6581EE-A1BA-4108-9E6A-99F92A4430C9}.Release|x86.ActiveCfg = Release|Any CPU
		{0A6581EE-A1BA-4108-9E6A-99F92A4430C9}.Release|x86.Build.0 = Release|Any CPU
		{FBE36127-095E-41EA-8865-8FFC285E8324}.Debug|Any CPU.ActiveCfg = Debug|Any CPU
		{FBE36127-095E-41EA-8865-8FFC285E8324}.Debug|Any CPU.Build.0 = Debug|Any CPU
		{FBE36127-095E-41EA-8865-8FFC285E8324}.Debug|x64.ActiveCfg = Debug|Any CPU
		{FBE36127-095E-41EA-8865-8FFC285E8324}.Debug|x64.Build.0 = Debug|Any CPU
		{FBE36127-095E-41EA-8865-8FFC285E8324}.Debug|x86.ActiveCfg = Debug|Any CPU
		{FBE36127-095E-41EA-8865-8FFC285E8324}.Debug|x86.Build.0 = Debug|Any CPU
		{FBE36127-095E-41EA-8865-8FFC285E8324}.Release|Any CPU.ActiveCfg = Release|Any CPU
		{FBE36127-095E-41EA-8865-8FFC285E8324}.Release|Any CPU.Build.0 = Release|Any CPU
		{FBE36127-095E-41EA-8865-8FFC285E8324}.Release|x64.ActiveCfg = Release|Any CPU
		{FBE36127-095E-41EA-8865-8FFC285E8324}.Release|x64.Build.0 = Release|Any CPU
		{FBE36127-095E-41EA-8865-8FFC285E8324}.Release|x86.ActiveCfg = Release|Any CPU
		{FBE36127-095E-41EA-8865-8FFC285E8324}.Release|x86.Build.0 = Release|Any CPU
		{83543E16-F88F-4F97-835A-B74DAAFC728E}.Debug|Any CPU.ActiveCfg = Debug|Any CPU
		{83543E16-F88F-4F97-835A-B74DAAFC728E}.Debug|Any CPU.Build.0 = Debug|Any CPU
		{83543E16-F88F-4F97-835A-B74DAAFC728E}.Debug|x64.ActiveCfg = Debug|Any CPU
		{83543E16-F88F-4F97-835A-B74DAAFC728E}.Debug|x64.Build.0 = Debug|Any CPU
		{83543E16-F88F-4F97-835A-B74DAAFC728E}.Debug|x86.ActiveCfg = Debug|Any CPU
		{83543E16-F88F-4F97-835A-B74DAAFC728E}.Debug|x86.Build.0 = Debug|Any CPU
		{83543E16-F88F-4F97-835A-B74DAAFC728E}.Release|Any CPU.ActiveCfg = Release|Any CPU
		{83543E16-F88F-4F97-835A-B74DAAFC728E}.Release|Any CPU.Build.0 = Release|Any CPU
		{83543E16-F88F-4F97-835A-B74DAAFC728E}.Release|x64.ActiveCfg = Release|Any CPU
		{83543E16-F88F-4F97-835A-B74DAAFC728E}.Release|x64.Build.0 = Release|Any CPU
		{83543E16-F88F-4F97-835A-B74DAAFC728E}.Release|x86.ActiveCfg = Release|Any CPU
		{83543E16-F88F-4F97-835A-B74DAAFC728E}.Release|x86.Build.0 = Release|Any CPU
		{2B508523-234F-4431-A9E2-15ED8275254D}.Debug|Any CPU.ActiveCfg = Debug|Any CPU
		{2B508523-234F-4431-A9E2-15ED8275254D}.Debug|Any CPU.Build.0 = Debug|Any CPU
		{2B508523-234F-4431-A9E2-15ED8275254D}.Debug|x64.ActiveCfg = Debug|Any CPU
		{2B508523-234F-4431-A9E2-15ED8275254D}.Debug|x64.Build.0 = Debug|Any CPU
		{2B508523-234F-4431-A9E2-15ED8275254D}.Debug|x86.ActiveCfg = Debug|Any CPU
		{2B508523-234F-4431-A9E2-15ED8275254D}.Debug|x86.Build.0 = Debug|Any CPU
		{2B508523-234F-4431-A9E2-15ED8275254D}.Release|Any CPU.ActiveCfg = Release|Any CPU
		{2B508523-234F-4431-A9E2-15ED8275254D}.Release|Any CPU.Build.0 = Release|Any CPU
		{2B508523-234F-4431-A9E2-15ED8275254D}.Release|x64.ActiveCfg = Release|Any CPU
		{2B508523-234F-4431-A9E2-15ED8275254D}.Release|x64.Build.0 = Release|Any CPU
		{2B508523-234F-4431-A9E2-15ED8275254D}.Release|x86.ActiveCfg = Release|Any CPU
		{2B508523-234F-4431-A9E2-15ED8275254D}.Release|x86.Build.0 = Release|Any CPU
		{450F4607-AD19-440B-B146-5C131B304A99}.Debug|Any CPU.ActiveCfg = Debug|Any CPU
		{450F4607-AD19-440B-B146-5C131B304A99}.Debug|Any CPU.Build.0 = Debug|Any CPU
		{450F4607-AD19-440B-B146-5C131B304A99}.Debug|x64.ActiveCfg = Debug|Any CPU
		{450F4607-AD19-440B-B146-5C131B304A99}.Debug|x64.Build.0 = Debug|Any CPU
		{450F4607-AD19-440B-B146-5C131B304A99}.Debug|x86.ActiveCfg = Debug|Any CPU
		{450F4607-AD19-440B-B146-5C131B304A99}.Debug|x86.Build.0 = Debug|Any CPU
		{450F4607-AD19-440B-B146-5C131B304A99}.Release|Any CPU.ActiveCfg = Release|Any CPU
		{450F4607-AD19-440B-B146-5C131B304A99}.Release|Any CPU.Build.0 = Release|Any CPU
		{450F4607-AD19-440B-B146-5C131B304A99}.Release|x64.ActiveCfg = Release|Any CPU
		{450F4607-AD19-440B-B146-5C131B304A99}.Release|x64.Build.0 = Release|Any CPU
		{450F4607-AD19-440B-B146-5C131B304A99}.Release|x86.ActiveCfg = Release|Any CPU
		{450F4607-AD19-440B-B146-5C131B304A99}.Release|x86.Build.0 = Release|Any CPU
		{7EE8D0C3-C05B-4C62-9C6C-005F39C54598}.Debug|Any CPU.ActiveCfg = Debug|Any CPU
		{7EE8D0C3-C05B-4C62-9C6C-005F39C54598}.Debug|Any CPU.Build.0 = Debug|Any CPU
		{7EE8D0C3-C05B-4C62-9C6C-005F39C54598}.Debug|x64.ActiveCfg = Debug|Any CPU
		{7EE8D0C3-C05B-4C62-9C6C-005F39C54598}.Debug|x64.Build.0 = Debug|Any CPU
		{7EE8D0C3-C05B-4C62-9C6C-005F39C54598}.Debug|x86.ActiveCfg = Debug|Any CPU
		{7EE8D0C3-C05B-4C62-9C6C-005F39C54598}.Debug|x86.Build.0 = Debug|Any CPU
		{7EE8D0C3-C05B-4C62-9C6C-005F39C54598}.Release|Any CPU.ActiveCfg = Release|Any CPU
		{7EE8D0C3-C05B-4C62-9C6C-005F39C54598}.Release|Any CPU.Build.0 = Release|Any CPU
		{7EE8D0C3-C05B-4C62-9C6C-005F39C54598}.Release|x64.ActiveCfg = Release|Any CPU
		{7EE8D0C3-C05B-4C62-9C6C-005F39C54598}.Release|x64.Build.0 = Release|Any CPU
		{7EE8D0C3-C05B-4C62-9C6C-005F39C54598}.Release|x86.ActiveCfg = Release|Any CPU
		{7EE8D0C3-C05B-4C62-9C6C-005F39C54598}.Release|x86.Build.0 = Release|Any CPU
		{B0FF8AF9-AAAE-428A-8A80-B2A4DA11208D}.Debug|Any CPU.ActiveCfg = Debug|Any CPU
		{B0FF8AF9-AAAE-428A-8A80-B2A4DA11208D}.Debug|Any CPU.Build.0 = Debug|Any CPU
		{B0FF8AF9-AAAE-428A-8A80-B2A4DA11208D}.Debug|x64.ActiveCfg = Debug|Any CPU
		{B0FF8AF9-AAAE-428A-8A80-B2A4DA11208D}.Debug|x64.Build.0 = Debug|Any CPU
		{B0FF8AF9-AAAE-428A-8A80-B2A4DA11208D}.Debug|x86.ActiveCfg = Debug|Any CPU
		{B0FF8AF9-AAAE-428A-8A80-B2A4DA11208D}.Debug|x86.Build.0 = Debug|Any CPU
		{B0FF8AF9-AAAE-428A-8A80-B2A4DA11208D}.Release|Any CPU.ActiveCfg = Release|Any CPU
		{B0FF8AF9-AAAE-428A-8A80-B2A4DA11208D}.Release|Any CPU.Build.0 = Release|Any CPU
		{B0FF8AF9-AAAE-428A-8A80-B2A4DA11208D}.Release|x64.ActiveCfg = Release|Any CPU
		{B0FF8AF9-AAAE-428A-8A80-B2A4DA11208D}.Release|x64.Build.0 = Release|Any CPU
		{B0FF8AF9-AAAE-428A-8A80-B2A4DA11208D}.Release|x86.ActiveCfg = Release|Any CPU
		{B0FF8AF9-AAAE-428A-8A80-B2A4DA11208D}.Release|x86.Build.0 = Release|Any CPU
		{14EFAD8A-0164-4EB8-A32F-757845DCEE91}.Debug|Any CPU.ActiveCfg = Debug|Any CPU
		{14EFAD8A-0164-4EB8-A32F-757845DCEE91}.Debug|Any CPU.Build.0 = Debug|Any CPU
		{14EFAD8A-0164-4EB8-A32F-757845DCEE91}.Debug|x64.ActiveCfg = Debug|Any CPU
		{14EFAD8A-0164-4EB8-A32F-757845DCEE91}.Debug|x64.Build.0 = Debug|Any CPU
		{14EFAD8A-0164-4EB8-A32F-757845DCEE91}.Debug|x86.ActiveCfg = Debug|Any CPU
		{14EFAD8A-0164-4EB8-A32F-757845DCEE91}.Debug|x86.Build.0 = Debug|Any CPU
		{14EFAD8A-0164-4EB8-A32F-757845DCEE91}.Release|Any CPU.ActiveCfg = Release|Any CPU
		{14EFAD8A-0164-4EB8-A32F-757845DCEE91}.Release|Any CPU.Build.0 = Release|Any CPU
		{14EFAD8A-0164-4EB8-A32F-757845DCEE91}.Release|x64.ActiveCfg = Release|Any CPU
		{14EFAD8A-0164-4EB8-A32F-757845DCEE91}.Release|x64.Build.0 = Release|Any CPU
		{14EFAD8A-0164-4EB8-A32F-757845DCEE91}.Release|x86.ActiveCfg = Release|Any CPU
		{14EFAD8A-0164-4EB8-A32F-757845DCEE91}.Release|x86.Build.0 = Release|Any CPU
		{7D2E47B4-BDDC-40A2-A1C8-4CB5DB272C79}.Debug|Any CPU.ActiveCfg = Debug|Any CPU
		{7D2E47B4-BDDC-40A2-A1C8-4CB5DB272C79}.Debug|Any CPU.Build.0 = Debug|Any CPU
		{7D2E47B4-BDDC-40A2-A1C8-4CB5DB272C79}.Debug|x64.ActiveCfg = Debug|Any CPU
		{7D2E47B4-BDDC-40A2-A1C8-4CB5DB272C79}.Debug|x64.Build.0 = Debug|Any CPU
		{7D2E47B4-BDDC-40A2-A1C8-4CB5DB272C79}.Debug|x86.ActiveCfg = Debug|Any CPU
		{7D2E47B4-BDDC-40A2-A1C8-4CB5DB272C79}.Debug|x86.Build.0 = Debug|Any CPU
		{7D2E47B4-BDDC-40A2-A1C8-4CB5DB272C79}.Release|Any CPU.ActiveCfg = Release|Any CPU
		{7D2E47B4-BDDC-40A2-A1C8-4CB5DB272C79}.Release|Any CPU.Build.0 = Release|Any CPU
		{7D2E47B4-BDDC-40A2-A1C8-4CB5DB272C79}.Release|x64.ActiveCfg = Release|Any CPU
		{7D2E47B4-BDDC-40A2-A1C8-4CB5DB272C79}.Release|x64.Build.0 = Release|Any CPU
		{7D2E47B4-BDDC-40A2-A1C8-4CB5DB272C79}.Release|x86.ActiveCfg = Release|Any CPU
		{7D2E47B4-BDDC-40A2-A1C8-4CB5DB272C79}.Release|x86.Build.0 = Release|Any CPU
		{91200521-5465-45C1-99C6-B82B16989B34}.Debug|Any CPU.ActiveCfg = Debug|Any CPU
		{91200521-5465-45C1-99C6-B82B16989B34}.Debug|Any CPU.Build.0 = Debug|Any CPU
		{91200521-5465-45C1-99C6-B82B16989B34}.Debug|x64.ActiveCfg = Debug|Any CPU
		{91200521-5465-45C1-99C6-B82B16989B34}.Debug|x64.Build.0 = Debug|Any CPU
		{91200521-5465-45C1-99C6-B82B16989B34}.Debug|x86.ActiveCfg = Debug|Any CPU
		{91200521-5465-45C1-99C6-B82B16989B34}.Debug|x86.Build.0 = Debug|Any CPU
		{91200521-5465-45C1-99C6-B82B16989B34}.Release|Any CPU.ActiveCfg = Release|Any CPU
		{91200521-5465-45C1-99C6-B82B16989B34}.Release|Any CPU.Build.0 = Release|Any CPU
		{91200521-5465-45C1-99C6-B82B16989B34}.Release|x64.ActiveCfg = Release|Any CPU
		{91200521-5465-45C1-99C6-B82B16989B34}.Release|x64.Build.0 = Release|Any CPU
		{91200521-5465-45C1-99C6-B82B16989B34}.Release|x86.ActiveCfg = Release|Any CPU
		{91200521-5465-45C1-99C6-B82B16989B34}.Release|x86.Build.0 = Release|Any CPU
		{CCAB6904-E23B-4928-B478-A0D7BB983B01}.Debug|Any CPU.ActiveCfg = Debug|Any CPU
		{CCAB6904-E23B-4928-B478-A0D7BB983B01}.Debug|Any CPU.Build.0 = Debug|Any CPU
		{CCAB6904-E23B-4928-B478-A0D7BB983B01}.Debug|x64.ActiveCfg = Debug|Any CPU
		{CCAB6904-E23B-4928-B478-A0D7BB983B01}.Debug|x64.Build.0 = Debug|Any CPU
		{CCAB6904-E23B-4928-B478-A0D7BB983B01}.Debug|x86.ActiveCfg = Debug|Any CPU
		{CCAB6904-E23B-4928-B478-A0D7BB983B01}.Debug|x86.Build.0 = Debug|Any CPU
		{CCAB6904-E23B-4928-B478-A0D7BB983B01}.Release|Any CPU.ActiveCfg = Release|Any CPU
		{CCAB6904-E23B-4928-B478-A0D7BB983B01}.Release|Any CPU.Build.0 = Release|Any CPU
		{CCAB6904-E23B-4928-B478-A0D7BB983B01}.Release|x64.ActiveCfg = Release|Any CPU
		{CCAB6904-E23B-4928-B478-A0D7BB983B01}.Release|x64.Build.0 = Release|Any CPU
		{CCAB6904-E23B-4928-B478-A0D7BB983B01}.Release|x86.ActiveCfg = Release|Any CPU
		{CCAB6904-E23B-4928-B478-A0D7BB983B01}.Release|x86.Build.0 = Release|Any CPU
		{A1DD670C-5795-4E03-8200-395EDF155570}.Debug|Any CPU.ActiveCfg = Debug|Any CPU
		{A1DD670C-5795-4E03-8200-395EDF155570}.Debug|Any CPU.Build.0 = Debug|Any CPU
		{A1DD670C-5795-4E03-8200-395EDF155570}.Debug|x64.ActiveCfg = Debug|Any CPU
		{A1DD670C-5795-4E03-8200-395EDF155570}.Debug|x64.Build.0 = Debug|Any CPU
		{A1DD670C-5795-4E03-8200-395EDF155570}.Debug|x86.ActiveCfg = Debug|Any CPU
		{A1DD670C-5795-4E03-8200-395EDF155570}.Debug|x86.Build.0 = Debug|Any CPU
		{A1DD670C-5795-4E03-8200-395EDF155570}.Release|Any CPU.ActiveCfg = Release|Any CPU
		{A1DD670C-5795-4E03-8200-395EDF155570}.Release|Any CPU.Build.0 = Release|Any CPU
		{A1DD670C-5795-4E03-8200-395EDF155570}.Release|x64.ActiveCfg = Release|Any CPU
		{A1DD670C-5795-4E03-8200-395EDF155570}.Release|x64.Build.0 = Release|Any CPU
		{A1DD670C-5795-4E03-8200-395EDF155570}.Release|x86.ActiveCfg = Release|Any CPU
		{A1DD670C-5795-4E03-8200-395EDF155570}.Release|x86.Build.0 = Release|Any CPU
		{944F4FF4-8FAC-4C07-97CF-098858ED9DDE}.Debug|Any CPU.ActiveCfg = Debug|Any CPU
		{944F4FF4-8FAC-4C07-97CF-098858ED9DDE}.Debug|Any CPU.Build.0 = Debug|Any CPU
		{944F4FF4-8FAC-4C07-97CF-098858ED9DDE}.Debug|x64.ActiveCfg = Debug|Any CPU
		{944F4FF4-8FAC-4C07-97CF-098858ED9DDE}.Debug|x64.Build.0 = Debug|Any CPU
		{944F4FF4-8FAC-4C07-97CF-098858ED9DDE}.Debug|x86.ActiveCfg = Debug|Any CPU
		{944F4FF4-8FAC-4C07-97CF-098858ED9DDE}.Debug|x86.Build.0 = Debug|Any CPU
		{944F4FF4-8FAC-4C07-97CF-098858ED9DDE}.Release|Any CPU.ActiveCfg = Release|Any CPU
		{944F4FF4-8FAC-4C07-97CF-098858ED9DDE}.Release|Any CPU.Build.0 = Release|Any CPU
		{944F4FF4-8FAC-4C07-97CF-098858ED9DDE}.Release|x64.ActiveCfg = Release|Any CPU
		{944F4FF4-8FAC-4C07-97CF-098858ED9DDE}.Release|x64.Build.0 = Release|Any CPU
		{944F4FF4-8FAC-4C07-97CF-098858ED9DDE}.Release|x86.ActiveCfg = Release|Any CPU
		{944F4FF4-8FAC-4C07-97CF-098858ED9DDE}.Release|x86.Build.0 = Release|Any CPU
		{791664AB-C8BB-4AA5-A694-235B51D045E7}.Debug|Any CPU.ActiveCfg = Debug|Any CPU
		{791664AB-C8BB-4AA5-A694-235B51D045E7}.Debug|Any CPU.Build.0 = Debug|Any CPU
		{791664AB-C8BB-4AA5-A694-235B51D045E7}.Debug|x64.ActiveCfg = Debug|Any CPU
		{791664AB-C8BB-4AA5-A694-235B51D045E7}.Debug|x64.Build.0 = Debug|Any CPU
		{791664AB-C8BB-4AA5-A694-235B51D045E7}.Debug|x86.ActiveCfg = Debug|Any CPU
		{791664AB-C8BB-4AA5-A694-235B51D045E7}.Debug|x86.Build.0 = Debug|Any CPU
		{791664AB-C8BB-4AA5-A694-235B51D045E7}.Release|Any CPU.ActiveCfg = Release|Any CPU
		{791664AB-C8BB-4AA5-A694-235B51D045E7}.Release|Any CPU.Build.0 = Release|Any CPU
		{791664AB-C8BB-4AA5-A694-235B51D045E7}.Release|x64.ActiveCfg = Release|Any CPU
		{791664AB-C8BB-4AA5-A694-235B51D045E7}.Release|x64.Build.0 = Release|Any CPU
		{791664AB-C8BB-4AA5-A694-235B51D045E7}.Release|x86.ActiveCfg = Release|Any CPU
		{791664AB-C8BB-4AA5-A694-235B51D045E7}.Release|x86.Build.0 = Release|Any CPU
	EndGlobalSection
	GlobalSection(SolutionProperties) = preSolution
		HideSolutionNode = FALSE
	EndGlobalSection
	GlobalSection(NestedProjects) = preSolution
		{D3DFCB74-4B67-4207-8D42-0EC2A676C1B5} = {880B5528-B419-45AA-B3B1-9BD3446E8E2B}
		{5DF7B7F1-D86C-4A07-87EE-EC7009F91562} = {880B5528-B419-45AA-B3B1-9BD3446E8E2B}
		{FBE36127-095E-41EA-8865-8FFC285E8324} = {FA7DE42C-8144-41B3-ADDF-1A1FFB55D6C4}
		{83543E16-F88F-4F97-835A-B74DAAFC728E} = {FA7DE42C-8144-41B3-ADDF-1A1FFB55D6C4}
		{450F4607-AD19-440B-B146-5C131B304A99} = {341239AE-ABB0-4728-9C05-875E7053CAB6}
		{7EE8D0C3-C05B-4C62-9C6C-005F39C54598} = {341239AE-ABB0-4728-9C05-875E7053CAB6}
		{B0FF8AF9-AAAE-428A-8A80-B2A4DA11208D} = {827E0CD3-B72D-47B6-A68D-7590B98EB39B}
		{14EFAD8A-0164-4EB8-A32F-757845DCEE91} = {827E0CD3-B72D-47B6-A68D-7590B98EB39B}
		{7D2E47B4-BDDC-40A2-A1C8-4CB5DB272C79} = {A3F27450-83A2-4590-AED6-9EC4D3E30D3B}
		{91200521-5465-45C1-99C6-B82B16989B34} = {A3F27450-83A2-4590-AED6-9EC4D3E30D3B}
		{CCAB6904-E23B-4928-B478-A0D7BB983B01} = {12DD581E-C6D4-4469-B2FD-B5BFB4F7446E}
		{A1DD670C-5795-4E03-8200-395EDF155570} = {12DD581E-C6D4-4469-B2FD-B5BFB4F7446E}
		{944F4FF4-8FAC-4C07-97CF-098858ED9DDE} = {B1FFD5AA-B7DC-41CC-9B52-9D072F9ACF8C}
		{791664AB-C8BB-4AA5-A694-235B51D045E7} = {B1FFD5AA-B7DC-41CC-9B52-9D072F9ACF8C}
	EndGlobalSection
EndGlobal
